PODS:
  - iRate (1.1.1)

DEPENDENCIES:
  - iRate (from `/Users/jblaine/Native-Jong/iRate/iRate.podspec`)

EXTERNAL SOURCES:
  iRate:
    :path: "/Users/jblaine/Native-Jong/iRate/iRate.podspec"

SPEC CHECKSUMS:
  iRate: 6c79ad913c8943dfe5c3db290b7faf44ffb54419

PODFILE CHECKSUM: 2c6b75354f62fbbbea50985b87322c4048779ed0

COCOAPODS: 1.9.3
